
Microsoft Visual Studio Solution File, Format Version 12.00
Project("{FAE04EC0-301F-11D3-BF4B-00C04F79EFBC}") = "bangstar", "bangstar\bangstar.csproj", "{07A6FF5F-0319-4CC1-B775-80D99F02F829}"
EndProject
Global
	GlobalSection(SolutionConfigurationPlatforms) = preSolution
		Debug|Any CPU = Debug|Any CPU
		Release|Any CPU = Release|Any CPU
	EndGlobalSection
	GlobalSection(ProjectConfigurationPlatforms) = postSolution
		{07A6FF5F-0319-4CC1-B775-80D99F02F829}.Debug|Any CPU.ActiveCfg = Debug|Any CPU
		{07A6FF5F-0319-4CC1-B775-80D99F02F829}.Debug|Any CPU.Build.0 = Debug|Any CPU
		{07A6FF5F-0319-4CC1-B775-80D99F02F829}.Release|Any CPU.ActiveCfg = Release|Any CPU
		{07A6FF5F-0319-4CC1-B775-80D99F02F829}.Release|Any CPU.Build.0 = Release|Any CPU
	EndGlobalSection
EndGlobal
